// !$*UTF8*$!
{
	archiveVersion = 1;
	classes = {
	};
	objectVersion = 48;
	objects = {

/* Begin PBXBuildFile section */
		9B494481202CC43600CF2D60 /* main.swift in Sources */ = {isa = PBXBuildFile; fileRef = 9B494480202CC43600CF2D60 /* main.swift */; };
		9B494488202CC48100CF2D60 /* Administrator.swift in Sources */ = {isa = PBXBuildFile; fileRef = 9B494487202CC48100CF2D60 /* Administrator.swift */; };
		9B49448A202CC49700CF2D60 /* Customer.swift in Sources */ = {isa = PBXBuildFile; fileRef = 9B494489202CC49700CF2D60 /* Customer.swift */; };
		9B49448C202CC4C200CF2D60 /* OrderDetails.swift in Sources */ = {isa = PBXBuildFile; fileRef = 9B49448B202CC4C200CF2D60 /* OrderDetails.swift */; };
		9B494490202CC4FF00CF2D60 /* ShippingInfo.swift in Sources */ = {isa = PBXBuildFile; fileRef = 9B49448F202CC4FF00CF2D60 /* ShippingInfo.swift */; };
		9B494492202CC51700CF2D60 /* ShoppingCart.swift in Sources */ = {isa = PBXBuildFile; fileRef = 9B494491202CC51700CF2D60 /* ShoppingCart.swift */; };
		9B494494202CC54300CF2D60 /* User.swift in Sources */ = {isa = PBXBuildFile; fileRef = 9B494493202CC54300CF2D60 /* User.swift */; };
		9B494496202CC9C300CF2D60 /* IDisplay.swift in Sources */ = {isa = PBXBuildFile; fileRef = 9B494495202CC9C300CF2D60 /* IDisplay.swift */; };
/* End PBXBuildFile section */

/* Begin PBXCopyFilesBuildPhase section */
		9B49447B202CC43600CF2D60 /* CopyFiles */ = {
			isa = PBXCopyFilesBuildPhase;
			buildActionMask = 2147483647;
			dstPath = /usr/share/man/man1/;
			dstSubfolderSpec = 0;
			files = (
			);
			runOnlyForDeploymentPostprocessing = 1;
		};
/* End PBXCopyFilesBuildPhase section */

/* Begin PBXFileReference section */
		9B49447D202CC43600CF2D60 /* group_6_project */ = {isa = PBXFileReference; explicitFileType = "compiled.mach-o.executable"; includeInIndex = 0; path = group_6_project; sourceTree = BUILT_PRODUCTS_DIR; };
		9B494480202CC43600CF2D60 /* main.swift */ = {isa = PBXFileReference; lastKnownFileType = sourcecode.swift; path = main.swift; sourceTree = "<group>"; };
		9B494487202CC48100CF2D60 /* Administrator.swift */ = {isa = PBXFileReference; lastKnownFileType = sourcecode.swift; path = Administrator.swift; sourceTree = "<group>"; };
		9B494489202CC49700CF2D60 /* Customer.swift */ = {isa = PBXFileReference; lastKnownFileType = sourcecode.swift; path = Customer.swift; sourceTree = "<group>"; };
		9B49448B202CC4C200CF2D60 /* OrderDetails.swift */ = {isa = PBXFileReference; lastKnownFileType = sourcecode.swift; path = OrderDetails.swift; sourceTree = "<group>"; };
		9B49448F202CC4FF00CF2D60 /* ShippingInfo.swift */ = {isa = PBXFileReference; lastKnownFileType = sourcecode.swift; path = ShippingInfo.swift; sourceTree = "<group>"; };
		9B494491202CC51700CF2D60 /* ShoppingCart.swift */ = {isa = PBXFileReference; lastKnownFileType = sourcecode.swift; path = ShoppingCart.swift; sourceTree = "<group>"; };
		9B494493202CC54300CF2D60 /* User.swift */ = {isa = PBXFileReference; lastKnownFileType = sourcecode.swift; path = User.swift; sourceTree = "<group>"; };
		9B494495202CC9C300CF2D60 /* IDisplay.swift */ = {isa = PBXFileReference; lastKnownFileType = sourcecode.swift; path = IDisplay.swift; sourceTree = "<group>"; };
/* End PBXFileReference section */

/* Begin PBXFrameworksBuildPhase section */
		9B49447A202CC43600CF2D60 /* Frameworks */ = {
			isa = PBXFrameworksBuildPhase;
			buildActionMask = 2147483647;
			files = (
			);
			runOnlyForDeploymentPostprocessing = 0;
		};
/* End PBXFrameworksBuildPhase section */

/* Begin PBXGroup section */
		9B494474202CC43600CF2D60 = {
			isa = PBXGroup;
			children = (
				9B49447F202CC43600CF2D60 /* group_6_project */,
				9B49447E202CC43600CF2D60 /* Products */,
			);
			sourceTree = "<group>";
		};
		9B49447E202CC43600CF2D60 /* Products */ = {
			isa = PBXGroup;
			children = (
				9B49447D202CC43600CF2D60 /* group_6_project */,
			);
			name = Products;
			sourceTree = "<group>";
		};
		9B49447F202CC43600CF2D60 /* group_6_project */ = {
			isa = PBXGroup;
			children = (
				9B494480202CC43600CF2D60 /* main.swift */,
				9B494487202CC48100CF2D60 /* Administrator.swift */,
				9B494489202CC49700CF2D60 /* Customer.swift */,
				9B49448B202CC4C200CF2D60 /* OrderDetails.swift */,
				9B49448F202CC4FF00CF2D60 /* ShippingInfo.swift */,
				9B494491202CC51700CF2D60 /* ShoppingCart.swift */,
				9B494493202CC54300CF2D60 /* User.swift */,
				9B494495202CC9C300CF2D60 /* IDisplay.swift */,
			);
			path = group_6_project;
			sourceTree = "<group>";
		};
/* End PBXGroup section */

/* Begin PBXNativeTarget section */
		9B49447C202CC43600CF2D60 /* group_6_project */ = {
			isa = PBXNativeTarget;
			buildConfigurationList = 9B494484202CC43600CF2D60 /* Build configuration list for PBXNativeTarget "group_6_project" */;
			buildPhases = (
				9B494479202CC43600CF2D60 /* Sources */,
				9B49447A202CC43600CF2D60 /* Frameworks */,
				9B49447B202CC43600CF2D60 /* CopyFiles */,
			);
			buildRules = (
			);
			dependencies = (
			);
			name = group_6_project;
			productName = group_6_project;
			productReference = 9B49447D202CC43600CF2D60 /* group_6_project */;
			productType = "com.apple.product-type.tool";
		};
/* End PBXNativeTarget section */

/* Begin PBXProject section */
		9B494475202CC43600CF2D60 /* Project object */ = {
			isa = PBXProject;
			attributes = {
				LastSwiftUpdateCheck = 0920;
				LastUpgradeCheck = 0920;
				ORGANIZATIONNAME = MacStudent;
				TargetAttributes = {
					9B49447C202CC43600CF2D60 = {
						CreatedOnToolsVersion = 9.2;
						ProvisioningStyle = Automatic;
					};
				};
			};
			buildConfigurationList = 9B494478202CC43600CF2D60 /* Build configuration list for PBXProject "group_6_project" */;
			compatibilityVersion = "Xcode 8.0";
			developmentRegion = en;
			hasScannedForEncodings = 0;
			knownRegions = (
				en,
			);
			mainGroup = 9B494474202CC43600CF2D60;
			productRefGroup = 9B49447E202CC43600CF2D60 /* Products */;
			projectDirPath = "";
			projectRoot = "";
			targets = (
				9B49447C202CC43600CF2D60 /* group_6_project */,
			);
		};
/* End PBXProject section */

/* Begin PBXSourcesBuildPhase section */
		9B494479202CC43600CF2D60 /* Sources */ = {
			isa = PBXSourcesBuildPhase;
			buildActionMask = 2147483647;
			files = (
				9B49448A202CC49700CF2D60 /* Customer.swift in Sources */,
				9B494481202CC43600CF2D60 /* main.swift in Sources */,
				9B494488202CC48100CF2D60 /* Administrator.swift in Sources */,
				9B49448C202CC4C200CF2D60 /* OrderDetails.swift in Sources */,
				9B494494202CC54300CF2D60 /* User.swift in Sources */,
				9B494490202CC4FF00CF2D60 /* ShippingInfo.swift in Sources */,
				9B494492202CC51700CF2D60 /* ShoppingCart.swift in Sources */,
				9B494496202CC9C300CF2D60 /* IDisplay.swift in Sources */,
			);
			runOnlyForDeploymentPostprocessing = 0;
		};
/* End PBXSourcesBuildPhase section */

/* Begin XCBuildConfiguration section */
		9B494482202CC43600CF2D60 /* Debug */ = {
			isa = XCBuildConfiguration;
			buildSettings = {
				ALWAYS_SEARCH_USER_PATHS = NO;
				CLANG_ANALYZER_NONNULL = YES;
				CLANG_ANALYZER_NUMBER_OBJECT_CONVERSION = YES_AGGRESSIVE;
				CLANG_CXX_LANGUAGE_STANDARD = "gnu++14";
				CLANG_CXX_LIBRARY = "libc++";
				CLANG_ENABLE_MODULES = YES;
				CLANG_ENABLE_OBJC_ARC = YES;
				CLANG_WARN_BLOCK_CAPTURE_AUTORELEASING = YES;
				CLANG_WARN_BOOL_CONVERSION = YES;
				CLANG_WARN_COMMA = YES;
				CLANG_WARN_CONSTANT_CONVERSION = YES;
				CLANG_WARN_DIRECT_OBJC_ISA_USAGE = YES_ERROR;
				CLANG_WARN_DOCUMENTATION_COMMENTS = YES;
				CLANG_WARN_EMPTY_BODY = YES;
				CLANG_WARN_ENUM_CONVERSION = YES;
				CLANG_WARN_INFINITE_RECURSION = YES;
				CLANG_WARN_INT_CONVERSION = YES;
				CLANG_WARN_NON_LITERAL_NULL_CONVERSION = YES;
				CLANG_WARN_OBJC_LITERAL_CONVERSION = YES;
				CLANG_WARN_OBJC_ROOT_CLASS = YES_ERROR;
				CLANG_WARN_RANGE_LOOP_ANALYSIS = YES;
				CLANG_WARN_STRICT_PROTOTYPES = YES;
				CLANG_WARN_SUSPICIOUS_MOVE = YES;
				CLANG_WARN_UNGUARDED_AVAILABILITY = YES_AGGRESSIVE;
				CLANG_WARN_UNREACHABLE_CODE = YES;
				CLANG_WARN__DUPLICATE_METHOD_MATCH = YES;
				CODE_SIGN_IDENTITY = "-";
				COPY_PHASE_STRIP = NO;
				DEBUG_INFORMATION_FORMAT = dwarf;
				ENABLE_STRICT_OBJC_MSGSEND = YES;
				ENABLE_TESTABILITY = YES;
				GCC_C_LANGUAGE_STANDARD = gnu11;
				GCC_DYNAMIC_NO_PIC = NO;
				GCC_NO_COMMON_BLOCKS = YES;
				GCC_OPTIMIZATION_LEVEL = 0;
				GCC_PREPROCESSOR_DEFINITIONS = (
					"DEBUG=1",
					"$(inherited)",
				);
				GCC_WARN_64_TO_32_BIT_CONVERSION = YES;
				GCC_WARN_ABOUT_RETURN_TYPE = YES_ERROR;
				GCC_WARN_UNDECLARED_SELECTOR = YES;
				GCC_WARN_UNINITIALIZED_AUTOS = YES_AGGRESSIVE;
				GCC_WARN_UNUSED_FUNCTION = YES;
				GCC_WARN_UNUSED_VARIABLE = YES;
				MACOSX_DEPLOYMENT_TARGET = 10.13;
				MTL_ENABLE_DEBUG_INFO = YES;
				ONLY_ACTIVE_ARCH = YES;
				SDKROOT = macosx;
				SWIFT_ACTIVE_COMPILATION_CONDITIONS = DEBUG;
				SWIFT_OPTIMIZATION_LEVEL = "-Onone";
			};
			name = Debug;
		};
		9B494483202CC43600CF2D60 /* Release */ = {
			isa = XCBuildConfiguration;
			buildSettings = {
				ALWAYS_SEARCH_USER_PATHS = NO;
				CLANG_ANALYZER_NONNULL = YES;
				CLANG_ANALYZER_NUMBER_OBJECT_CONVERSION = YES_AGGRESSIVE;
				CLANG_CXX_LANGUAGE_STANDARD = "gnu++14";
				CLANG_CXX_LIBRARY = "libc++";
				CLANG_ENABLE_MODULES = YES;
				CLANG_ENABLE_OBJC_ARC = YES;
				CLANG_WARN_BLOCK_CAPTURE_AUTORELEASING = YES;
				CLANG_WARN_BOOL_CONVERSION = YES;
				CLANG_WARN_COMMA = YES;
				CLANG_WARN_CONSTANT_CONVERSION = YES;
				CLANG_WARN_DIRECT_OBJC_ISA_USAGE = YES_ERROR;
				CLANG_WARN_DOCUMENTATION_COMMENTS = YES;
				CLANG_WARN_EMPTY_BODY = YES;
				CLANG_WARN_ENUM_CONVERSION = YES;
				CLANG_WARN_INFINITE_RECURSION = YES;
				CLANG_WARN_INT_CONVERSION = YES;
				CLANG_WARN_NON_LITERAL_NULL_CONVERSION = YES;
				CLANG_WARN_OBJC_LITERAL_CONVERSION = YES;
				CLANG_WARN_OBJC_ROOT_CLASS = YES_ERROR;
				CLANG_WARN_RANGE_LOOP_ANALYSIS = YES;
				CLANG_WARN_STRICT_PROTOTYPES = YES;
				CLANG_WARN_SUSPICIOUS_MOVE = YES;
				CLANG_WARN_UNGUARDED_AVAILABILITY = YES_AGGRESSIVE;
				CLANG_WARN_UNREACHABLE_CODE = YES;
				CLANG_WARN__DUPLICATE_METHOD_MATCH = YES;
				CODE_SIGN_IDENTITY = "-";
				COPY_PHASE_STRIP = NO;
				DEBUG_INFORMATION_FORMAT = "dwarf-with-dsym";
				ENABLE_NS_ASSERTIONS = NO;
				ENABLE_STRICT_OBJC_MSGSEND = YES;
				GCC_C_LANGUAGE_STANDARD = gnu11;
				GCC_NO_COMMON_BLOCKS = YES;
				GCC_WARN_64_TO_32_BIT_CONVERSION = YES;
				GCC_WARN_ABOUT_RETURN_TYPE = YES_ERROR;
				GCC_WARN_UNDECLARED_SELECTOR = YES;
				GCC_WARN_UNINITIALIZED_AUTOS = YES_AGGRESSIVE;
				GCC_WARN_UNUSED_FUNCTION = YES;
				GCC_WARN_UNUSED_VARIABLE = YES;
				MACOSX_DEPLOYMENT_TARGET = 10.13;
				MTL_ENABLE_DEBUG_INFO = NO;
				SDKROOT = macosx;
				SWIFT_OPTIMIZATION_LEVEL = "-Owholemodule";
			};
			name = Release;
		};
		9B494485202CC43600CF2D60 /* Debug */ = {
			isa = XCBuildConfiguration;
			buildSettings = {
				CODE_SIGN_STYLE = Automatic;
				PRODUCT_NAME = "$(TARGET_NAME)";
				SWIFT_VERSION = 4.0;
			};
			name = Debug;
		};
		9B494486202CC43600CF2D60 /* Release */ = {
			isa = XCBuildConfiguration;
			buildSettings = {
				CODE_SIGN_STYLE = Automatic;
				PRODUCT_NAME = "$(TARGET_NAME)";
				SWIFT_VERSION = 4.0;
			};
			name = Release;
		};
/* End XCBuildConfiguration section */

/* Begin XCConfigurationList section */
		9B494478202CC43600CF2D60 /* Build configuration list for PBXProject "group_6_project" */ = {
			isa = XCConfigurationList;
			buildConfigurations = (
				9B494482202CC43600CF2D60 /* Debug */,
				9B494483202CC43600CF2D60 /* Release */,
			);
			defaultConfigurationIsVisible = 0;
			defaultConfigurationName = Release;
		};
		9B494484202CC43600CF2D60 /* Build configuration list for PBXNativeTarget "group_6_project" */ = {
			isa = XCConfigurationList;
			buildConfigurations = (
				9B494485202CC43600CF2D60 /* Debug */,
				9B494486202CC43600CF2D60 /* Release */,
			);
			defaultConfigurationIsVisible = 0;
			defaultConfigurationName = Release;
		};
/* End XCConfigurationList section */
	};
	rootObject = 9B494475202CC43600CF2D60 /* Project object */;
}
